
Microsoft Visual Studio Solution File, Format Version 12.00
# Visual Studio 2013
VisualStudioVersion = 12.0.30501.0
MinimumVisualStudioVersion = 10.0.40219.1
Project("{8BC9CEB8-8B4A-11D0-8D11-00A0C91BC942}") = "Smash Up PreDesign", "Smash Up PreDesign\Smash Up PreDesign.vcxproj", "{1A241E00-C145-49C6-939B-2ED6E4A395EB}"
EndProject
Global
	GlobalSection(SolutionConfigurationPlatforms) = preSolution
		Debug|Win32 = Debug|Win32
		Release|Win32 = Release|Win32
	EndGlobalSection
	GlobalSection(ProjectConfigurationPlatforms) = postSolution
		{1A241E00-C145-49C6-939B-2ED6E4A395EB}.Debug|Win32.ActiveCfg = Debug|Win32
		{1A241E00-C145-49C6-939B-2ED6E4A395EB}.Debug|Win32.Build.0 = Debug|Win32
		{1A241E00-C145-49C6-939B-2ED6E4A395EB}.Release|Win32.ActiveCfg = Release|Win32
		{1A241E00-C145-49C6-939B-2ED6E4A395EB}.Release|Win32.Build.0 = Release|Win32
	EndGlobalSection
	GlobalSection(SolutionProperties) = preSolution
		HideSolutionNode = FALSE
	EndGlobalSection
EndGlobal
