<?xml version="1.0" encoding="utf-8"?>
<Project ToolsVersion="4.0" xmlns="http://schemas.microsoft.com/developer/msbuild/2003">
  <ItemGroup>
    <Filter Include="Source Files">
      <UniqueIdentifier>{4FC737F1-C7A5-4376-A066-2A32D752A2FF}</UniqueIdentifier>
      <Extensions>cpp;c;cc;cxx;def;odl;idl;hpj;bat;asm;asmx</Extensions>
    </Filter>
    <Filter Include="Header Files">
      <UniqueIdentifier>{93995380-89BD-4b04-88EB-625FBE52EBFB}</UniqueIdentifier>
      <Extensions>h;hh;hpp;hxx;hm;inl;inc;xsd</Extensions>
    </Filter>
    <Filter Include="Resource Files">
      <UniqueIdentifier>{67DA6AB6-F800-4c08-8B7A-83BB121AAD01}</UniqueIdentifier>
      <Extensions>rc;ico;cur;bmp;dlg;rc2;rct;bin;rgs;gif;jpg;jpeg;jpe;resx;tiff;tif;png;wav;mfcribbon-ms</Extensions>
    </Filter>
  </ItemGroup>
  <ItemGroup>
    <ClInclude Include="Model\BaseTypes\Board.h">
      <Filter>Header Files</Filter>
    </ClInclude>
    <ClInclude Include="Model\BaseTypes\Base.h">
      <Filter>Header Files</Filter>
    </ClInclude>
    <ClInclude Include="Model\BaseTypes\Card.h">
      <Filter>Header Files</Filter>
    </ClInclude>
    <ClInclude Include="Model\MinionCards\Ghost\GhostMinion.h">
      <Filter>Header Files</Filter>
    </ClInclude>
    <ClInclude Include="Model\MinionCards\MinionCard.h">
      <Filter>Header Files</Filter>
    </ClInclude>
    <ClInclude Include="Model\MinionCards\Minions.h">
      <Filter>Header Files</Filter>
    </ClInclude>
    <ClInclude Include="Model\GameGlobals.h">
      <Filter>Header Files</Filter>
    </ClInclude>
    <ClInclude Include="Model\BaseTypes\Player.h">
      <Filter>Header Files</Filter>
    </ClInclude>
    <ClInclude Include="Model\BaseTypes\DeckConstructor.h">
      <Filter>Header Files</Filter>
    </ClInclude>
    <ClInclude Include="Model\MinionCards\Ghost\HauntingMinion.h">
      <Filter>Header Files</Filter>
    </ClInclude>
    <ClInclude Include="Model\MinionCards\Ghost\SpectreMinion.h">
      <Filter>Header Files</Filter>
    </ClInclude>
    <ClInclude Include="Model\MinionCards\Ghost\SpiritMinion.h">
      <Filter>Header Files</Filter>
    </ClInclude>
    <ClInclude Include="Model\ActionCards\Actions.h">
      <Filter>Header Files</Filter>
    </ClInclude>
    <ClInclude Include="Model\ActionCards\ActionCard.h">
      <Filter>Header Files</Filter>
    </ClInclude>
    <ClInclude Include="Model\ActionCards\Ghost\ShadyAction.h">
      <Filter>Header Files</Filter>
    </ClInclude>
    <ClInclude Include="Model\ActionCards\Ghost\SeanceAction.h">
      <Filter>Header Files</Filter>
    </ClInclude>
    <ClInclude Include="Model\ActionCards\Ghost\IncorporealAction.h">
      <Filter>Header Files</Filter>
    </ClInclude>
    <ClInclude Include="Model\ActionCards\Ghost\GhostlyAction.h">
      <Filter>Header Files</Filter>
    </ClInclude>
    <ClInclude Include="Model\ActionCards\Ghost\AcrossTheDivide.h">
      <Filter>Header Files</Filter>
    </ClInclude>
    <ClInclude Include="Model\ActionCards\Ghost\DeadRiseAction.h">
      <Filter>Header Files</Filter>
    </ClInclude>
    <ClInclude Include="Model\ActionCards\Ghost\DoorToBeyond.h">
      <Filter>Header Files</Filter>
    </ClInclude>
    <ClInclude Include="Model\ActionCards\Ghost\MakeContact.h">
      <Filter>Header Files</Filter>
    </ClInclude>
    <ClInclude Include="Model\MinionCards\ShapeShifter\MimicMinion.h">
      <Filter>Header Files</Filter>
    </ClInclude>
    <ClInclude Include="Model\BaseTypes\UpdateVisibilityFlags.h">
      <Filter>Header Files</Filter>
    </ClInclude>
    <ClInclude Include="Model\MinionCards\ShapeShifter\GelfMinion.h">
      <Filter>Header Files</Filter>
    </ClInclude>
    <ClInclude Include="Model\MinionCards\ShapeShifter\DoppelgangerMinion.h">
      <Filter>Header Files</Filter>
    </ClInclude>
    <ClInclude Include="Model\MinionCards\ShapeShifter\CopycatMinion.h">
      <Filter>Header Files</Filter>
    </ClInclude>
    <ClInclude Include="Model\ActionCards\ShapeShifter\Transmogrify.h">
      <Filter>Header Files</Filter>
    </ClInclude>
    <ClInclude Include="Model\ActionCards\ShapeShifter\GeneticShiftAction.h">
      <Filter>Header Files</Filter>
    </ClInclude>
    <ClInclude Include="Model\ActionCards\ShapeShifter\SpliceAsNiceAction.h">
      <Filter>Header Files</Filter>
    </ClInclude>
    <ClInclude Include="Model\ActionCards\ShapeShifter\ReallyAction.h">
      <Filter>Header Files</Filter>
    </ClInclude>
    <ClInclude Include="Model\ActionCards\ShapeShifter\MitosisAction.h">
      <Filter>Header Files</Filter>
    </ClInclude>
    <ClInclude Include="Model\ActionCards\ShapeShifter\ShellGameAction.h">
      <Filter>Header Files</Filter>
    </ClInclude>
    <ClInclude Include="Model\BaseTypes\MinionPlayableStruct.h">
      <Filter>Header Files</Filter>
    </ClInclude>
    <ClInclude Include="Model\ActionCards\ShapeShifter\CellularBonding.h">
      <Filter>Header Files</Filter>
    </ClInclude>
    <ClInclude Include="Model\ActionCards\ShapeShifter\BactaTheFuture.h">
      <Filter>Header Files</Filter>
    </ClInclude>
    <ClInclude Include="Model\MinionCards\Pirates\FirstMateMinion.h">
      <Filter>Header Files</Filter>
    </ClInclude>
    <ClInclude Include="Model\MinionCards\Pirates\PirateKingMinion.h">
      <Filter>Header Files</Filter>
    </ClInclude>
    <ClInclude Include="Model\BaseTypes\Events\Event.h">
      <Filter>Header Files</Filter>
    </ClInclude>
    <ClInclude Include="Model\BaseTypes\Events\EventListener.h">
      <Filter>Header Files</Filter>
    </ClInclude>
    <ClInclude Include="Model\BaseTypes\Events\EventData.h">
      <Filter>Header Files</Filter>
    </ClInclude>
    <ClInclude Include="Model\MinionCards\Pirates\SaucyWenchMinion.h">
      <Filter>Header Files</Filter>
    </ClInclude>
    <ClInclude Include="Model\MinionCards\Pirates\BuccaneerMinion.h">
      <Filter>Header Files</Filter>
    </ClInclude>
    <ClInclude Include="Model\ActionCards\Pirates\DinghyAction.h">
      <Filter>Header Files</Filter>
    </ClInclude>
    <ClInclude Include="Model\ActionCards\Pirates\BroadsideAction.h">
      <Filter>Header Files</Filter>
    </ClInclude>
    <ClInclude Include="Model\ActionCards\Pirates\PowderKegAction.h">
      <Filter>Header Files</Filter>
    </ClInclude>
    <ClInclude Include="Model\ActionCards\Pirates\SwashbucklingAction.h">
      <Filter>Header Files</Filter>
    </ClInclude>
    <ClInclude Include="Model\ActionCards\Pirates\CannonAction.h">
      <Filter>Header Files</Filter>
    </ClInclude>
    <ClInclude Include="Model\ActionCards\Pirates\ShanghaiAction.h">
      <Filter>Header Files</Filter>
    </ClInclude>
    <ClInclude Include="Model\ActionCards\Pirates\SeaDogsAction.h">
      <Filter>Header Files</Filter>
    </ClInclude>
    <ClInclude Include="Model\ActionCards\Pirates\FullSailAction.h">
      <Filter>Header Files</Filter>
    </ClInclude>
    <ClInclude Include="Model\MinionCards\Bears\GeneralIvanMinion.h">
      <Filter>Header Files</Filter>
    </ClInclude>
    <ClInclude Include="Model\MinionCards\Bears\BearCavalryMinion.h">
      <Filter>Header Files</Filter>
    </ClInclude>
    <ClInclude Include="Model\MinionCards\Bears\PolarCommandoMinion.h">
      <Filter>Header Files</Filter>
    </ClInclude>
    <ClInclude Include="Model\MinionCards\Zombies\WalkerMinion.h">
      <Filter>Header Files</Filter>
    </ClInclude>
    <ClInclude Include="Model\MinionCards\Zombies\GraveDiggerMinion.h">
      <Filter>Header Files</Filter>
    </ClInclude>
  </ItemGroup>
  <ItemGroup>
    <ClCompile Include="Model\BaseTypes\Board.cpp">
      <Filter>Source Files</Filter>
    </ClCompile>
    <ClCompile Include="Model\BaseTypes\Base.cpp">
      <Filter>Source Files</Filter>
    </ClCompile>
    <ClCompile Include="Model\BaseTypes\Card.cpp">
      <Filter>Source Files</Filter>
    </ClCompile>
    <ClCompile Include="Model\MinionCards\Ghost\GhostMinion.cpp">
      <Filter>Source Files</Filter>
    </ClCompile>
    <ClCompile Include="Model\MinionCards\MinionCard.cpp">
      <Filter>Source Files</Filter>
    </ClCompile>
    <ClCompile Include="Model\GameGlobals.cpp">
      <Filter>Source Files</Filter>
    </ClCompile>
    <ClCompile Include="Model\Entry.cpp">
      <Filter>Source Files</Filter>
    </ClCompile>
    <ClCompile Include="Model\BaseTypes\Player.cpp">
      <Filter>Source Files</Filter>
    </ClCompile>
    <ClCompile Include="Model\BaseTypes\DeckConstructor.cpp">
      <Filter>Source Files</Filter>
    </ClCompile>
    <ClCompile Include="Model\MinionCards\Ghost\HauntingMinion.cpp">
      <Filter>Source Files</Filter>
    </ClCompile>
    <ClCompile Include="Model\MinionCards\Ghost\SpectreMinion.cpp">
      <Filter>Source Files</Filter>
    </ClCompile>
    <ClCompile Include="Model\MinionCards\Ghost\SpiritMinion.cpp">
      <Filter>Source Files</Filter>
    </ClCompile>
    <ClCompile Include="Model\BaseTypes\PowerModifier.cpp">
      <Filter>Source Files</Filter>
    </ClCompile>
    <ClCompile Include="Model\ActionCards\ActionCard.cpp">
      <Filter>Source Files</Filter>
    </ClCompile>
    <ClCompile Include="Model\ActionCards\Ghost\ShadyAction.cpp">
      <Filter>Source Files</Filter>
    </ClCompile>
    <ClCompile Include="Model\ActionCards\Ghost\SeanceAction.cpp">
      <Filter>Source Files</Filter>
    </ClCompile>
    <ClCompile Include="Model\ActionCards\Ghost\IncorporealAction.cpp">
      <Filter>Source Files</Filter>
    </ClCompile>
    <ClCompile Include="Model\ActionCards\Ghost\GhostlyAction.cpp">
      <Filter>Source Files</Filter>
    </ClCompile>
    <ClCompile Include="Model\ActionCards\Ghost\AcrossTheDivide.cpp">
      <Filter>Source Files</Filter>
    </ClCompile>
    <ClCompile Include="Model\ActionCards\Ghost\DeadRiseAction.cpp">
      <Filter>Source Files</Filter>
    </ClCompile>
    <ClCompile Include="Model\ActionCards\Ghost\DoorToBeyond.cpp">
      <Filter>Source Files</Filter>
    </ClCompile>
    <ClCompile Include="Model\ActionCards\Ghost\MakeContact.cpp">
      <Filter>Source Files</Filter>
    </ClCompile>
    <ClCompile Include="Model\MinionCards\ShapeShifter\MimicMinion.cpp">
      <Filter>Source Files</Filter>
    </ClCompile>
    <ClCompile Include="Model\MinionCards\ShapeShifter\GelfMinion.cpp">
      <Filter>Source Files</Filter>
    </ClCompile>
    <ClCompile Include="Model\MinionCards\ShapeShifter\DoppelgangerMinion.cpp">
      <Filter>Source Files</Filter>
    </ClCompile>
    <ClCompile Include="Model\MinionCards\ShapeShifter\CopycatMinion.cpp">
      <Filter>Source Files</Filter>
    </ClCompile>
    <ClCompile Include="Model\ActionCards\ShapeShifter\Transmogrify.cpp">
      <Filter>Source Files</Filter>
    </ClCompile>
    <ClCompile Include="Model\ActionCards\ShapeShifter\GeneticShiftAction.cpp">
      <Filter>Source Files</Filter>
    </ClCompile>
    <ClCompile Include="Model\ActionCards\ShapeShifter\SpliceAsNiceAction.cpp">
      <Filter>Source Files</Filter>
    </ClCompile>
    <ClCompile Include="Model\ActionCards\ShapeShifter\ReallyAction.cpp">
      <Filter>Source Files</Filter>
    </ClCompile>
    <ClCompile Include="Model\ActionCards\ShapeShifter\MitosisAction.cpp">
      <Filter>Source Files</Filter>
    </ClCompile>
    <ClCompile Include="Model\ActionCards\ShapeShifter\ShellGameAction.cpp">
      <Filter>Source Files</Filter>
    </ClCompile>
    <ClCompile Include="Model\BaseTypes\MinionPlayableStruct.cpp">
      <Filter>Source Files</Filter>
    </ClCompile>
    <ClCompile Include="Model\ActionCards\ShapeShifter\CellularBonding.cpp">
      <Filter>Source Files</Filter>
    </ClCompile>
    <ClCompile Include="Model\ActionCards\ShapeShifter\BactaTheFuture.cpp">
      <Filter>Source Files</Filter>
    </ClCompile>
    <ClCompile Include="Model\MinionCards\Pirates\FirstMateMinion.cpp">
      <Filter>Source Files</Filter>
    </ClCompile>
    <ClCompile Include="Model\MinionCards\Pirates\PirateKingMinion.cpp">
      <Filter>Source Files</Filter>
    </ClCompile>
    <ClCompile Include="Model\BaseTypes\Events\Event.cpp">
      <Filter>Source Files</Filter>
    </ClCompile>
    <ClCompile Include="Model\BaseTypes\Events\EventListener.cpp">
      <Filter>Source Files</Filter>
    </ClCompile>
    <ClCompile Include="Model\BaseTypes\Events\EventData.cpp">
      <Filter>Source Files</Filter>
    </ClCompile>
    <ClCompile Include="Model\MinionCards\Pirates\SaucyWenchMinion.cpp">
      <Filter>Source Files</Filter>
    </ClCompile>
    <ClCompile Include="Model\MinionCards\Pirates\BuccaneerMinion.cpp">
      <Filter>Source Files</Filter>
    </ClCompile>
    <ClCompile Include="Model\ActionCards\Pirates\DinghyAction.cpp">
      <Filter>Source Files</Filter>
    </ClCompile>
    <ClCompile Include="Model\ActionCards\Pirates\BroadsideAction.cpp">
      <Filter>Source Files</Filter>
    </ClCompile>
    <ClCompile Include="Model\ActionCards\Pirates\PowderKegAction.cpp">
      <Filter>Source Files</Filter>
    </ClCompile>
    <ClCompile Include="Model\ActionCards\Pirates\SwashbucklingAction.cpp">
      <Filter>Source Files</Filter>
    </ClCompile>
    <ClCompile Include="Model\ActionCards\Pirates\CannonAction.cpp">
      <Filter>Source Files</Filter>
    </ClCompile>
    <ClCompile Include="Model\ActionCards\Pirates\ShanghaiAction.cpp">
      <Filter>Source Files</Filter>
    </ClCompile>
    <ClCompile Include="Model\ActionCards\Pirates\SeaDogsAction.cpp">
      <Filter>Source Files</Filter>
    </ClCompile>
    <ClCompile Include="Model\ActionCards\Pirates\FullSailAction.cpp">
      <Filter>Source Files</Filter>
    </ClCompile>
    <ClCompile Include="Model\MinionCards\Bears\GeneralIvanMinion.cpp">
      <Filter>Source Files</Filter>
    </ClCompile>
    <ClCompile Include="Model\MinionCards\Bears\BearCavalryMinion.cpp">
      <Filter>Source Files</Filter>
    </ClCompile>
    <ClCompile Include="Model\MinionCards\Bears\PolarCommandoMinion.cpp">
      <Filter>Source Files</Filter>
    </ClCompile>
    <ClCompile Include="Model\MinionCards\Zombies\WalkerMinion.cpp">
      <Filter>Source Files</Filter>
    </ClCompile>
    <ClCompile Include="Model\MinionCards\Zombies\GraveDiggerMinion.cpp">
      <Filter>Source Files</Filter>
    </ClCompile>
  </ItemGroup>
</Project>